# This file is automatically @generated by Cargo.
# It is not intended for manual editing.
version = 4

[[package]]
name = "rpi3-el0-rust"
version = "0.1.0"
dependencies = [
 "rugus-arch-cortex-a",
 "rugus-core",
]

[[package]]
name = "rugus-arch-cortex-a"
version = "0.1.0"
dependencies = [
 "rugus-core",
]

[[package]]
name = "rugus-core"
version = "0.1.0"
